// !$*UTF8*$!
{
	archiveVersion = 1;
	classes = {
	};
	objectVersion = 56;
	objects = {

/* Begin PBXBuildFile section */
		13EA4BAFC7B3888240D851D9 /* (null) in Frameworks */ = {isa = PBXBuildFile; };
		14531BCA2A1F0C7500E0BA6D /* AppDelegate.swift in Sources */ = {isa = PBXBuildFile; fileRef = 14531BC92A1F0C7500E0BA6D /* AppDelegate.swift */; };
		14531BCC2A1F0C7500E0BA6D /* SceneDelegate.swift in Sources */ = {isa = PBXBuildFile; fileRef = 14531BCB2A1F0C7500E0BA6D /* SceneDelegate.swift */; };
		14531BCE2A1F0C7500E0BA6D /* UserListViewController.swift in Sources */ = {isa = PBXBuildFile; fileRef = 14531BCD2A1F0C7500E0BA6D /* UserListViewController.swift */; };
		14531BD32A1F0C7800E0BA6D /* Assets.xcassets in Resources */ = {isa = PBXBuildFile; fileRef = 14531BD22A1F0C7800E0BA6D /* Assets.xcassets */; };
		14531BD62A1F0C7800E0BA6D /* LaunchScreen.storyboard in Resources */ = {isa = PBXBuildFile; fileRef = 14531BD42A1F0C7800E0BA6D /* LaunchScreen.storyboard */; };
		14531BE12A1F0C7800E0BA6D /* GithubTests.swift in Sources */ = {isa = PBXBuildFile; fileRef = 14531BE02A1F0C7800E0BA6D /* GithubTests.swift */; };
		14531C012A1F16F800E0BA6D /* GithubEndpoint.swift in Sources */ = {isa = PBXBuildFile; fileRef = 14531C002A1F16F800E0BA6D /* GithubEndpoint.swift */; };
		14531C032A1F194200E0BA6D /* Bundle+Extensions.swift in Sources */ = {isa = PBXBuildFile; fileRef = 14531C022A1F194200E0BA6D /* Bundle+Extensions.swift */; };
		14531C052A1F19A900E0BA6D /* NetworkProvider.swift in Sources */ = {isa = PBXBuildFile; fileRef = 14531C042A1F19A900E0BA6D /* NetworkProvider.swift */; };
		14531C072A1F19C000E0BA6D /* NetworkError.swift in Sources */ = {isa = PBXBuildFile; fileRef = 14531C062A1F19C000E0BA6D /* NetworkError.swift */; };
		14531C092A1F19E100E0BA6D /* NetworkProviderProtocol.swift in Sources */ = {isa = PBXBuildFile; fileRef = 14531C082A1F19E100E0BA6D /* NetworkProviderProtocol.swift */; };
		14531C0B2A1F1A4700E0BA6D /* UserListViewModel.swift in Sources */ = {isa = PBXBuildFile; fileRef = 14531C0A2A1F1A4700E0BA6D /* UserListViewModel.swift */; };
		14531C0D2A1F1D0C00E0BA6D /* User.swift in Sources */ = {isa = PBXBuildFile; fileRef = 14531C0C2A1F1D0C00E0BA6D /* User.swift */; };
		146861A32A2145E100737D3B /* RepositoriesView.swift in Sources */ = {isa = PBXBuildFile; fileRef = 146861A22A2145E100737D3B /* RepositoriesView.swift */; };
		146861A52A21460E00737D3B /* RepositoriesTableViewCell.swift in Sources */ = {isa = PBXBuildFile; fileRef = 146861A42A21460E00737D3B /* RepositoriesTableViewCell.swift */; };
		146861E82A21A7AD00737D3B /* Coordinator.swift in Sources */ = {isa = PBXBuildFile; fileRef = 146861E72A21A7AD00737D3B /* Coordinator.swift */; };
		146861EE2A21AD4A00737D3B /* MainCoordinator.swift in Sources */ = {isa = PBXBuildFile; fileRef = 146861ED2A21AD4A00737D3B /* MainCoordinator.swift */; };
		146861F32A23BAC800737D3B /* GithubRequestErrorTests.swift in Sources */ = {isa = PBXBuildFile; fileRef = 146861F22A23BAC800737D3B /* GithubRequestErrorTests.swift */; };
		1494E0872A23BBE5006C489F /* GithubSnapshotTests.swift in Sources */ = {isa = PBXBuildFile; fileRef = 1494E0862A23BBE5006C489F /* GithubSnapshotTests.swift */; };
		1494E0892A23BD64006C489F /* GithubUserListTableViewCellSnapshotTests.swift in Sources */ = {isa = PBXBuildFile; fileRef = 1494E0882A23BD64006C489F /* GithubUserListTableViewCellSnapshotTests.swift */; };
		1494E08B2A23BD8D006C489F /* GithubUserDetailSnapshotTests.swift in Sources */ = {isa = PBXBuildFile; fileRef = 1494E08A2A23BD8D006C489F /* GithubUserDetailSnapshotTests.swift */; };
		1494E08D2A23BDB6006C489F /* GithubRepositoriesTests.swift in Sources */ = {isa = PBXBuildFile; fileRef = 1494E08C2A23BDB6006C489F /* GithubRepositoriesTests.swift */; };
		1494E08F2A23BDC6006C489F /* GithubRepositoriesTableViewCellTests.swift in Sources */ = {isa = PBXBuildFile; fileRef = 1494E08E2A23BDC6006C489F /* GithubRepositoriesTableViewCellTests.swift */; };
		14D9C71D2A1F302000BE2CD5 /* UserDetail.swift in Sources */ = {isa = PBXBuildFile; fileRef = 14D9C71C2A1F302000BE2CD5 /* UserDetail.swift */; };
		14D9C71F2A1FD77300BE2CD5 /* UserListView.swift in Sources */ = {isa = PBXBuildFile; fileRef = 14D9C71E2A1FD77300BE2CD5 /* UserListView.swift */; };
		14D9C7212A1FD79500BE2CD5 /* UserListTableViewCell.swift in Sources */ = {isa = PBXBuildFile; fileRef = 14D9C7202A1FD79500BE2CD5 /* UserListTableViewCell.swift */; };
		14D9C7232A1FD7C100BE2CD5 /* UIView+Extensions.swift in Sources */ = {isa = PBXBuildFile; fileRef = 14D9C7222A1FD7C100BE2CD5 /* UIView+Extensions.swift */; };
		14D9C7252A1FD7EA00BE2CD5 /* UITableView+Extensions.swift in Sources */ = {isa = PBXBuildFile; fileRef = 14D9C7242A1FD7EA00BE2CD5 /* UITableView+Extensions.swift */; };
		14D9C7272A1FD80B00BE2CD5 /* UIViewController+Extension.swift in Sources */ = {isa = PBXBuildFile; fileRef = 14D9C7262A1FD80B00BE2CD5 /* UIViewController+Extension.swift */; };
		14D9C7292A1FF33F00BE2CD5 /* UserDetailViewController.swift in Sources */ = {isa = PBXBuildFile; fileRef = 14D9C7282A1FF33F00BE2CD5 /* UserDetailViewController.swift */; };
		14D9C72D2A1FF6F200BE2CD5 /* UserDetailView.swift in Sources */ = {isa = PBXBuildFile; fileRef = 14D9C72C2A1FF6F200BE2CD5 /* UserDetailView.swift */; };
		14D9C72F2A2086E800BE2CD5 /* UserDetailViewModel.swift in Sources */ = {isa = PBXBuildFile; fileRef = 14D9C72E2A2086E800BE2CD5 /* UserDetailViewModel.swift */; };
		14D9C7312A2089D900BE2CD5 /* Repository.swift in Sources */ = {isa = PBXBuildFile; fileRef = 14D9C7302A2089D900BE2CD5 /* Repository.swift */; };
		14D9C7332A21415000BE2CD5 /* RepositoriesViewController.swift in Sources */ = {isa = PBXBuildFile; fileRef = 14D9C7322A21415000BE2CD5 /* RepositoriesViewController.swift */; };
		14F8695B2A23FC3C00AEBE89 /* Bindable.swift in Sources */ = {isa = PBXBuildFile; fileRef = 14F8695A2A23FC3C00AEBE89 /* Bindable.swift */; };
		41356D7673CCA88B960D982E /* Pods_Github.framework in Frameworks */ = {isa = PBXBuildFile; fileRef = 1D20B66E067D117EAF026BD1 /* Pods_Github.framework */; };
		7ED768A6C69001431D8D0F20 /* Pods_GithubTests.framework in Frameworks */ = {isa = PBXBuildFile; fileRef = B0F4D4EF63C32829FEDE1DD8 /* Pods_GithubTests.framework */; };
/* End PBXBuildFile section */

/* Begin PBXContainerItemProxy section */
		145ABC812A23F47E00120EDD /* PBXContainerItemProxy */ = {
			isa = PBXContainerItemProxy;
			containerPortal = 14531BBE2A1F0C7500E0BA6D /* Project object */;
			proxyType = 1;
			remoteGlobalIDString = 14531BC52A1F0C7500E0BA6D;
			remoteInfo = Github;
		};
/* End PBXContainerItemProxy section */

/* Begin PBXFileReference section */
		04B224ED89BE7BF36C7348C0 /* Pods-GithubMock-GithubUITests.debug.xcconfig */ = {isa = PBXFileReference; includeInIndex = 1; lastKnownFileType = text.xcconfig; name = "Pods-GithubMock-GithubUITests.debug.xcconfig"; path = "Target Support Files/Pods-GithubMock-GithubUITests/Pods-GithubMock-GithubUITests.debug.xcconfig"; sourceTree = "<group>"; };
		14531BC62A1F0C7500E0BA6D /* Github.app */ = {isa = PBXFileReference; explicitFileType = wrapper.application; includeInIndex = 0; path = Github.app; sourceTree = BUILT_PRODUCTS_DIR; };
		14531BC92A1F0C7500E0BA6D /* AppDelegate.swift */ = {isa = PBXFileReference; lastKnownFileType = sourcecode.swift; path = AppDelegate.swift; sourceTree = "<group>"; };
		14531BCB2A1F0C7500E0BA6D /* SceneDelegate.swift */ = {isa = PBXFileReference; lastKnownFileType = sourcecode.swift; path = SceneDelegate.swift; sourceTree = "<group>"; };
		14531BCD2A1F0C7500E0BA6D /* UserListViewController.swift */ = {isa = PBXFileReference; lastKnownFileType = sourcecode.swift; path = UserListViewController.swift; sourceTree = "<group>"; };
		14531BD22A1F0C7800E0BA6D /* Assets.xcassets */ = {isa = PBXFileReference; lastKnownFileType = folder.assetcatalog; path = Assets.xcassets; sourceTree = "<group>"; };
		14531BD52A1F0C7800E0BA6D /* Base */ = {isa = PBXFileReference; lastKnownFileType = file.storyboard; name = Base; path = Base.lproj/LaunchScreen.storyboard; sourceTree = "<group>"; };
		14531BD72A1F0C7800E0BA6D /* Info.plist */ = {isa = PBXFileReference; lastKnownFileType = text.plist.xml; path = Info.plist; sourceTree = "<group>"; };
		14531BDC2A1F0C7800E0BA6D /* GithubTests.xctest */ = {isa = PBXFileReference; explicitFileType = wrapper.cfbundle; includeInIndex = 0; path = GithubTests.xctest; sourceTree = BUILT_PRODUCTS_DIR; };
		14531BE02A1F0C7800E0BA6D /* GithubTests.swift */ = {isa = PBXFileReference; lastKnownFileType = sourcecode.swift; path = GithubTests.swift; sourceTree = "<group>"; };
		14531C002A1F16F800E0BA6D /* GithubEndpoint.swift */ = {isa = PBXFileReference; lastKnownFileType = sourcecode.swift; path = GithubEndpoint.swift; sourceTree = "<group>"; };
		14531C022A1F194200E0BA6D /* Bundle+Extensions.swift */ = {isa = PBXFileReference; lastKnownFileType = sourcecode.swift; path = "Bundle+Extensions.swift"; sourceTree = "<group>"; };
		14531C042A1F19A900E0BA6D /* NetworkProvider.swift */ = {isa = PBXFileReference; lastKnownFileType = sourcecode.swift; path = NetworkProvider.swift; sourceTree = "<group>"; };
		14531C062A1F19C000E0BA6D /* NetworkError.swift */ = {isa = PBXFileReference; lastKnownFileType = sourcecode.swift; path = NetworkError.swift; sourceTree = "<group>"; };
		14531C082A1F19E100E0BA6D /* NetworkProviderProtocol.swift */ = {isa = PBXFileReference; lastKnownFileType = sourcecode.swift; path = NetworkProviderProtocol.swift; sourceTree = "<group>"; };
		14531C0A2A1F1A4700E0BA6D /* UserListViewModel.swift */ = {isa = PBXFileReference; lastKnownFileType = sourcecode.swift; path = UserListViewModel.swift; sourceTree = "<group>"; };
		14531C0C2A1F1D0C00E0BA6D /* User.swift */ = {isa = PBXFileReference; lastKnownFileType = sourcecode.swift; path = User.swift; sourceTree = "<group>"; };
		146861A22A2145E100737D3B /* RepositoriesView.swift */ = {isa = PBXFileReference; lastKnownFileType = sourcecode.swift; path = RepositoriesView.swift; sourceTree = "<group>"; };
		146861A42A21460E00737D3B /* RepositoriesTableViewCell.swift */ = {isa = PBXFileReference; lastKnownFileType = sourcecode.swift; path = RepositoriesTableViewCell.swift; sourceTree = "<group>"; };
		146861E72A21A7AD00737D3B /* Coordinator.swift */ = {isa = PBXFileReference; lastKnownFileType = sourcecode.swift; path = Coordinator.swift; sourceTree = "<group>"; };
		146861ED2A21AD4A00737D3B /* MainCoordinator.swift */ = {isa = PBXFileReference; lastKnownFileType = sourcecode.swift; path = MainCoordinator.swift; sourceTree = "<group>"; };
		146861F22A23BAC800737D3B /* GithubRequestErrorTests.swift */ = {isa = PBXFileReference; lastKnownFileType = sourcecode.swift; path = GithubRequestErrorTests.swift; sourceTree = "<group>"; };
		1494E0862A23BBE5006C489F /* GithubSnapshotTests.swift */ = {isa = PBXFileReference; lastKnownFileType = sourcecode.swift; path = GithubSnapshotTests.swift; sourceTree = "<group>"; };
		1494E0882A23BD64006C489F /* GithubUserListTableViewCellSnapshotTests.swift */ = {isa = PBXFileReference; lastKnownFileType = sourcecode.swift; path = GithubUserListTableViewCellSnapshotTests.swift; sourceTree = "<group>"; };
		1494E08A2A23BD8D006C489F /* GithubUserDetailSnapshotTests.swift */ = {isa = PBXFileReference; lastKnownFileType = sourcecode.swift; path = GithubUserDetailSnapshotTests.swift; sourceTree = "<group>"; };
		1494E08C2A23BDB6006C489F /* GithubRepositoriesTests.swift */ = {isa = PBXFileReference; lastKnownFileType = sourcecode.swift; path = GithubRepositoriesTests.swift; sourceTree = "<group>"; };
		1494E08E2A23BDC6006C489F /* GithubRepositoriesTableViewCellTests.swift */ = {isa = PBXFileReference; lastKnownFileType = sourcecode.swift; path = GithubRepositoriesTableViewCellTests.swift; sourceTree = "<group>"; };
		14D9C71C2A1F302000BE2CD5 /* UserDetail.swift */ = {isa = PBXFileReference; lastKnownFileType = sourcecode.swift; path = UserDetail.swift; sourceTree = "<group>"; };
		14D9C71E2A1FD77300BE2CD5 /* UserListView.swift */ = {isa = PBXFileReference; lastKnownFileType = sourcecode.swift; path = UserListView.swift; sourceTree = "<group>"; };
		14D9C7202A1FD79500BE2CD5 /* UserListTableViewCell.swift */ = {isa = PBXFileReference; lastKnownFileType = sourcecode.swift; path = UserListTableViewCell.swift; sourceTree = "<group>"; };
		14D9C7222A1FD7C100BE2CD5 /* UIView+Extensions.swift */ = {isa = PBXFileReference; lastKnownFileType = sourcecode.swift; path = "UIView+Extensions.swift"; sourceTree = "<group>"; };
		14D9C7242A1FD7EA00BE2CD5 /* UITableView+Extensions.swift */ = {isa = PBXFileReference; lastKnownFileType = sourcecode.swift; path = "UITableView+Extensions.swift"; sourceTree = "<group>"; };
		14D9C7262A1FD80B00BE2CD5 /* UIViewController+Extension.swift */ = {isa = PBXFileReference; lastKnownFileType = sourcecode.swift; path = "UIViewController+Extension.swift"; sourceTree = "<group>"; };
		14D9C7282A1FF33F00BE2CD5 /* UserDetailViewController.swift */ = {isa = PBXFileReference; lastKnownFileType = sourcecode.swift; path = UserDetailViewController.swift; sourceTree = "<group>"; };
		14D9C72C2A1FF6F200BE2CD5 /* UserDetailView.swift */ = {isa = PBXFileReference; lastKnownFileType = sourcecode.swift; path = UserDetailView.swift; sourceTree = "<group>"; };
		14D9C72E2A2086E800BE2CD5 /* UserDetailViewModel.swift */ = {isa = PBXFileReference; lastKnownFileType = sourcecode.swift; path = UserDetailViewModel.swift; sourceTree = "<group>"; };
		14D9C7302A2089D900BE2CD5 /* Repository.swift */ = {isa = PBXFileReference; lastKnownFileType = sourcecode.swift; path = Repository.swift; sourceTree = "<group>"; };
		14D9C7322A21415000BE2CD5 /* RepositoriesViewController.swift */ = {isa = PBXFileReference; lastKnownFileType = sourcecode.swift; path = RepositoriesViewController.swift; sourceTree = "<group>"; };
		14F8695A2A23FC3C00AEBE89 /* Bindable.swift */ = {isa = PBXFileReference; lastKnownFileType = sourcecode.swift; path = Bindable.swift; sourceTree = "<group>"; };
		1D20B66E067D117EAF026BD1 /* Pods_Github.framework */ = {isa = PBXFileReference; explicitFileType = wrapper.framework; includeInIndex = 0; path = Pods_Github.framework; sourceTree = BUILT_PRODUCTS_DIR; };
		26C070CBB1A2F97F46E4167D /* Pods-GithubTests.release.xcconfig */ = {isa = PBXFileReference; includeInIndex = 1; lastKnownFileType = text.xcconfig; name = "Pods-GithubTests.release.xcconfig"; path = "Target Support Files/Pods-GithubTests/Pods-GithubTests.release.xcconfig"; sourceTree = "<group>"; };
		58B67C08A36CFBDF7F2F0812 /* Pods-Github-GithubUITests.debug.xcconfig */ = {isa = PBXFileReference; includeInIndex = 1; lastKnownFileType = text.xcconfig; name = "Pods-Github-GithubUITests.debug.xcconfig"; path = "Target Support Files/Pods-Github-GithubUITests/Pods-Github-GithubUITests.debug.xcconfig"; sourceTree = "<group>"; };
		60C7E4678E12CA28DB9CC61A /* Pods-Github.debug.xcconfig */ = {isa = PBXFileReference; includeInIndex = 1; lastKnownFileType = text.xcconfig; name = "Pods-Github.debug.xcconfig"; path = "Target Support Files/Pods-Github/Pods-Github.debug.xcconfig"; sourceTree = "<group>"; };
		79CD524FF9DA0116D9A56A67 /* Pods-Github-GithubUITests.release.xcconfig */ = {isa = PBXFileReference; includeInIndex = 1; lastKnownFileType = text.xcconfig; name = "Pods-Github-GithubUITests.release.xcconfig"; path = "Target Support Files/Pods-Github-GithubUITests/Pods-Github-GithubUITests.release.xcconfig"; sourceTree = "<group>"; };
		80566B3B5CF184223B80396B /* Pods-GithubMock.release.xcconfig */ = {isa = PBXFileReference; includeInIndex = 1; lastKnownFileType = text.xcconfig; name = "Pods-GithubMock.release.xcconfig"; path = "Target Support Files/Pods-GithubMock/Pods-GithubMock.release.xcconfig"; sourceTree = "<group>"; };
		89074DA2C6408BC8227C4583 /* Pods_GithubMock.framework */ = {isa = PBXFileReference; explicitFileType = wrapper.framework; includeInIndex = 0; path = Pods_GithubMock.framework; sourceTree = BUILT_PRODUCTS_DIR; };
		8B858A7A0C65D772EEEB2109 /* Pods-GithubMock.debug.xcconfig */ = {isa = PBXFileReference; includeInIndex = 1; lastKnownFileType = text.xcconfig; name = "Pods-GithubMock.debug.xcconfig"; path = "Target Support Files/Pods-GithubMock/Pods-GithubMock.debug.xcconfig"; sourceTree = "<group>"; };
		8DCDA42F973D3483FF45DEA3 /* Pods-GithubMock-GithubUITests.release.xcconfig */ = {isa = PBXFileReference; includeInIndex = 1; lastKnownFileType = text.xcconfig; name = "Pods-GithubMock-GithubUITests.release.xcconfig"; path = "Target Support Files/Pods-GithubMock-GithubUITests/Pods-GithubMock-GithubUITests.release.xcconfig"; sourceTree = "<group>"; };
		B0F4D4EF63C32829FEDE1DD8 /* Pods_GithubTests.framework */ = {isa = PBXFileReference; explicitFileType = wrapper.framework; includeInIndex = 0; path = Pods_GithubTests.framework; sourceTree = BUILT_PRODUCTS_DIR; };
		C20A07B38235A6F2E654ABFC /* Pods-GithubTests.debug.xcconfig */ = {isa = PBXFileReference; includeInIndex = 1; lastKnownFileType = text.xcconfig; name = "Pods-GithubTests.debug.xcconfig"; path = "Target Support Files/Pods-GithubTests/Pods-GithubTests.debug.xcconfig"; sourceTree = "<group>"; };
		DF50BC726ADB7A2964FC450F /* Pods-Github.release.xcconfig */ = {isa = PBXFileReference; includeInIndex = 1; lastKnownFileType = text.xcconfig; name = "Pods-Github.release.xcconfig"; path = "Target Support Files/Pods-Github/Pods-Github.release.xcconfig"; sourceTree = "<group>"; };
		F778F876CF28B10725FAFA31 /* Pods_Github_GithubUITests.framework */ = {isa = PBXFileReference; explicitFileType = wrapper.framework; includeInIndex = 0; path = Pods_Github_GithubUITests.framework; sourceTree = BUILT_PRODUCTS_DIR; };
/* End PBXFileReference section */

/* Begin PBXFrameworksBuildPhase section */
		14531BC32A1F0C7500E0BA6D /* Frameworks */ = {
			isa = PBXFrameworksBuildPhase;
			buildActionMask = 2147483647;
			files = (
				13EA4BAFC7B3888240D851D9 /* (null) in Frameworks */,
				41356D7673CCA88B960D982E /* Pods_Github.framework in Frameworks */,
			);
			runOnlyForDeploymentPostprocessing = 0;
		};
		14531BD92A1F0C7800E0BA6D /* Frameworks */ = {
			isa = PBXFrameworksBuildPhase;
			buildActionMask = 2147483647;
			files = (
				7ED768A6C69001431D8D0F20 /* Pods_GithubTests.framework in Frameworks */,
			);
			runOnlyForDeploymentPostprocessing = 0;
		};
/* End PBXFrameworksBuildPhase section */

/* Begin PBXGroup section */
		14531BBD2A1F0C7500E0BA6D = {
			isa = PBXGroup;
			children = (
				14531BC82A1F0C7500E0BA6D /* Github */,
				14531BDF2A1F0C7800E0BA6D /* GithubTests */,
				14531BC72A1F0C7500E0BA6D /* Products */,
				929EAA2E4064108E0BA2D4A4 /* Pods */,
				B9CC80C8A2789F2E3A9697F7 /* Frameworks */,
			);
			sourceTree = "<group>";
		};
		14531BC72A1F0C7500E0BA6D /* Products */ = {
			isa = PBXGroup;
			children = (
				14531BC62A1F0C7500E0BA6D /* Github.app */,
				14531BDC2A1F0C7800E0BA6D /* GithubTests.xctest */,
			);
			name = Products;
			sourceTree = "<group>";
		};
		14531BC82A1F0C7500E0BA6D /* Github */ = {
			isa = PBXGroup;
			children = (
				14531BFE2A1F136900E0BA6D /* Network */,
				14531BF92A1F130500E0BA6D /* Application */,
				14F869592A23FC2500AEBE89 /* Bindable */,
				146861E62A21A79E00737D3B /* Coordinator */,
				14531BFC2A1F133600E0BA6D /* Model */,
				14531BFB2A1F132F00E0BA6D /* View */,
				14531BFA2A1F131B00E0BA6D /* ViewModel */,
				14531BFD2A1F134500E0BA6D /* Controllers */,
				14531BFF2A1F138800E0BA6D /* Helpers */,
				14531BD72A1F0C7800E0BA6D /* Info.plist */,
			);
			path = Github;
			sourceTree = "<group>";
		};
		14531BDF2A1F0C7800E0BA6D /* GithubTests */ = {
			isa = PBXGroup;
			children = (
				14531BE02A1F0C7800E0BA6D /* GithubTests.swift */,
				146861F22A23BAC800737D3B /* GithubRequestErrorTests.swift */,
				1494E0862A23BBE5006C489F /* GithubSnapshotTests.swift */,
				1494E0882A23BD64006C489F /* GithubUserListTableViewCellSnapshotTests.swift */,
				1494E08A2A23BD8D006C489F /* GithubUserDetailSnapshotTests.swift */,
				1494E08C2A23BDB6006C489F /* GithubRepositoriesTests.swift */,
				1494E08E2A23BDC6006C489F /* GithubRepositoriesTableViewCellTests.swift */,
			);
			path = GithubTests;
			sourceTree = "<group>";
		};
		14531BF92A1F130500E0BA6D /* Application */ = {
			isa = PBXGroup;
			children = (
				14531BC92A1F0C7500E0BA6D /* AppDelegate.swift */,
				14531BCB2A1F0C7500E0BA6D /* SceneDelegate.swift */,
				14531BD22A1F0C7800E0BA6D /* Assets.xcassets */,
				14531BD42A1F0C7800E0BA6D /* LaunchScreen.storyboard */,
			);
			path = Application;
			sourceTree = "<group>";
		};
		14531BFA2A1F131B00E0BA6D /* ViewModel */ = {
			isa = PBXGroup;
			children = (
				14531C0A2A1F1A4700E0BA6D /* UserListViewModel.swift */,
				14D9C72E2A2086E800BE2CD5 /* UserDetailViewModel.swift */,
			);
			path = ViewModel;
			sourceTree = "<group>";
		};
		14531BFB2A1F132F00E0BA6D /* View */ = {
			isa = PBXGroup;
			children = (
				14D9C72A2A1FF6D400BE2CD5 /* User List */,
				14D9C72B2A1FF6DC00BE2CD5 /* User Detail */,
				146861A12A2145C800737D3B /* Repositories */,
			);
			path = View;
			sourceTree = "<group>";
		};
		14531BFC2A1F133600E0BA6D /* Model */ = {
			isa = PBXGroup;
			children = (
				14531C0C2A1F1D0C00E0BA6D /* User.swift */,
				14D9C71C2A1F302000BE2CD5 /* UserDetail.swift */,
				14D9C7302A2089D900BE2CD5 /* Repository.swift */,
			);
			path = Model;
			sourceTree = "<group>";
		};
		14531BFD2A1F134500E0BA6D /* Controllers */ = {
			isa = PBXGroup;
			children = (
				14531BCD2A1F0C7500E0BA6D /* UserListViewController.swift */,
				14D9C7282A1FF33F00BE2CD5 /* UserDetailViewController.swift */,
				14D9C7322A21415000BE2CD5 /* RepositoriesViewController.swift */,
			);
			path = Controllers;
			sourceTree = "<group>";
		};
		14531BFE2A1F136900E0BA6D /* Network */ = {
			isa = PBXGroup;
			children = (
				14531C002A1F16F800E0BA6D /* GithubEndpoint.swift */,
				14531C082A1F19E100E0BA6D /* NetworkProviderProtocol.swift */,
				14531C042A1F19A900E0BA6D /* NetworkProvider.swift */,
				14531C062A1F19C000E0BA6D /* NetworkError.swift */,
			);
			path = Network;
			sourceTree = "<group>";
		};
		14531BFF2A1F138800E0BA6D /* Helpers */ = {
			isa = PBXGroup;
			children = (
				14531C022A1F194200E0BA6D /* Bundle+Extensions.swift */,
				14D9C7222A1FD7C100BE2CD5 /* UIView+Extensions.swift */,
				14D9C7242A1FD7EA00BE2CD5 /* UITableView+Extensions.swift */,
				14D9C7262A1FD80B00BE2CD5 /* UIViewController+Extension.swift */,
			);
			path = Helpers;
			sourceTree = "<group>";
		};
		146861A12A2145C800737D3B /* Repositories */ = {
			isa = PBXGroup;
			children = (
				146861A22A2145E100737D3B /* RepositoriesView.swift */,
				146861A42A21460E00737D3B /* RepositoriesTableViewCell.swift */,
			);
			path = Repositories;
			sourceTree = "<group>";
		};
		146861E62A21A79E00737D3B /* Coordinator */ = {
			isa = PBXGroup;
			children = (
				146861E72A21A7AD00737D3B /* Coordinator.swift */,
				146861ED2A21AD4A00737D3B /* MainCoordinator.swift */,
			);
			path = Coordinator;
			sourceTree = "<group>";
		};
		14D9C72A2A1FF6D400BE2CD5 /* User List */ = {
			isa = PBXGroup;
			children = (
				14D9C71E2A1FD77300BE2CD5 /* UserListView.swift */,
				14D9C7202A1FD79500BE2CD5 /* UserListTableViewCell.swift */,
			);
			path = "User List";
			sourceTree = "<group>";
		};
		14D9C72B2A1FF6DC00BE2CD5 /* User Detail */ = {
			isa = PBXGroup;
			children = (
				14D9C72C2A1FF6F200BE2CD5 /* UserDetailView.swift */,
			);
			path = "User Detail";
			sourceTree = "<group>";
		};
		14F869592A23FC2500AEBE89 /* Bindable */ = {
			isa = PBXGroup;
			children = (
				14F8695A2A23FC3C00AEBE89 /* Bindable.swift */,
			);
			path = Bindable;
			sourceTree = "<group>";
		};
		929EAA2E4064108E0BA2D4A4 /* Pods */ = {
			isa = PBXGroup;
			children = (
				60C7E4678E12CA28DB9CC61A /* Pods-Github.debug.xcconfig */,
				DF50BC726ADB7A2964FC450F /* Pods-Github.release.xcconfig */,
				58B67C08A36CFBDF7F2F0812 /* Pods-Github-GithubUITests.debug.xcconfig */,
				79CD524FF9DA0116D9A56A67 /* Pods-Github-GithubUITests.release.xcconfig */,
				C20A07B38235A6F2E654ABFC /* Pods-GithubTests.debug.xcconfig */,
				26C070CBB1A2F97F46E4167D /* Pods-GithubTests.release.xcconfig */,
				8B858A7A0C65D772EEEB2109 /* Pods-GithubMock.debug.xcconfig */,
				80566B3B5CF184223B80396B /* Pods-GithubMock.release.xcconfig */,
				04B224ED89BE7BF36C7348C0 /* Pods-GithubMock-GithubUITests.debug.xcconfig */,
				8DCDA42F973D3483FF45DEA3 /* Pods-GithubMock-GithubUITests.release.xcconfig */,
			);
			path = Pods;
			sourceTree = "<group>";
		};
		B9CC80C8A2789F2E3A9697F7 /* Frameworks */ = {
			isa = PBXGroup;
			children = (
				B0F4D4EF63C32829FEDE1DD8 /* Pods_GithubTests.framework */,
				89074DA2C6408BC8227C4583 /* Pods_GithubMock.framework */,
				1D20B66E067D117EAF026BD1 /* Pods_Github.framework */,
				F778F876CF28B10725FAFA31 /* Pods_Github_GithubUITests.framework */,
			);
			name = Frameworks;
			sourceTree = "<group>";
		};
/* End PBXGroup section */

/* Begin PBXNativeTarget section */
		14531BC52A1F0C7500E0BA6D /* Github */ = {
			isa = PBXNativeTarget;
			buildConfigurationList = 14531BF02A1F0C7800E0BA6D /* Build configuration list for PBXNativeTarget "Github" */;
			buildPhases = (
				38A753E8C341C01812F7EA71 /* [CP] Check Pods Manifest.lock */,
				14531BC22A1F0C7500E0BA6D /* Sources */,
				14531BC32A1F0C7500E0BA6D /* Frameworks */,
				14531BC42A1F0C7500E0BA6D /* Resources */,
				1A91ECD81509DC8190AD806B /* [CP] Embed Pods Frameworks */,
			);
			buildRules = (
			);
			dependencies = (
			);
			name = Github;
			productName = Github;
			productReference = 14531BC62A1F0C7500E0BA6D /* Github.app */;
			productType = "com.apple.product-type.application";
		};
		14531BDB2A1F0C7800E0BA6D /* GithubTests */ = {
			isa = PBXNativeTarget;
			buildConfigurationList = 14531BF32A1F0C7800E0BA6D /* Build configuration list for PBXNativeTarget "GithubTests" */;
			buildPhases = (
				3F3C9412392B3C42A8E653F7 /* [CP] Check Pods Manifest.lock */,
				14531BD82A1F0C7800E0BA6D /* Sources */,
				14531BD92A1F0C7800E0BA6D /* Frameworks */,
				14531BDA2A1F0C7800E0BA6D /* Resources */,
				352BE01204E6170D14B84725 /* [CP] Embed Pods Frameworks */,
			);
			buildRules = (
			);
			dependencies = (
				145ABC822A23F47E00120EDD /* PBXTargetDependency */,
			);
			name = GithubTests;
			productName = GithubTests;
			productReference = 14531BDC2A1F0C7800E0BA6D /* GithubTests.xctest */;
			productType = "com.apple.product-type.bundle.unit-test";
		};
/* End PBXNativeTarget section */

/* Begin PBXProject section */
		14531BBE2A1F0C7500E0BA6D /* Project object */ = {
			isa = PBXProject;
			attributes = {
				BuildIndependentTargetsInParallel = 1;
				LastSwiftUpdateCheck = 1430;
				LastUpgradeCheck = 1430;
				TargetAttributes = {
					14531BC52A1F0C7500E0BA6D = {
						CreatedOnToolsVersion = 14.3;
					};
					14531BDB2A1F0C7800E0BA6D = {
						CreatedOnToolsVersion = 14.3;
						TestTargetID = 14531BC52A1F0C7500E0BA6D;
					};
				};
			};
			buildConfigurationList = 14531BC12A1F0C7500E0BA6D /* Build configuration list for PBXProject "Github" */;
			compatibilityVersion = "Xcode 14.0";
			developmentRegion = en;
			hasScannedForEncodings = 0;
			knownRegions = (
				en,
				Base,
			);
			mainGroup = 14531BBD2A1F0C7500E0BA6D;
			productRefGroup = 14531BC72A1F0C7500E0BA6D /* Products */;
			projectDirPath = "";
			projectRoot = "";
			targets = (
				14531BC52A1F0C7500E0BA6D /* Github */,
				14531BDB2A1F0C7800E0BA6D /* GithubTests */,
			);
		};
/* End PBXProject section */

/* Begin PBXResourcesBuildPhase section */
		14531BC42A1F0C7500E0BA6D /* Resources */ = {
			isa = PBXResourcesBuildPhase;
			buildActionMask = 2147483647;
			files = (
				14531BD62A1F0C7800E0BA6D /* LaunchScreen.storyboard in Resources */,
				14531BD32A1F0C7800E0BA6D /* Assets.xcassets in Resources */,
			);
			runOnlyForDeploymentPostprocessing = 0;
		};
		14531BDA2A1F0C7800E0BA6D /* Resources */ = {
			isa = PBXResourcesBuildPhase;
			buildActionMask = 2147483647;
			files = (
			);
			runOnlyForDeploymentPostprocessing = 0;
		};
/* End PBXResourcesBuildPhase section */

/* Begin PBXShellScriptBuildPhase section */
		1A91ECD81509DC8190AD806B /* [CP] Embed Pods Frameworks */ = {
			isa = PBXShellScriptBuildPhase;
			buildActionMask = 2147483647;
			files = (
			);
			inputFileListPaths = (
				"${PODS_ROOT}/Target Support Files/Pods-Github/Pods-Github-frameworks-${CONFIGURATION}-input-files.xcfilelist",
			);
			name = "[CP] Embed Pods Frameworks";
			outputFileListPaths = (
				"${PODS_ROOT}/Target Support Files/Pods-Github/Pods-Github-frameworks-${CONFIGURATION}-output-files.xcfilelist",
			);
			runOnlyForDeploymentPostprocessing = 0;
			shellPath = /bin/sh;
			shellScript = "\"${PODS_ROOT}/Target Support Files/Pods-Github/Pods-Github-frameworks.sh\"\n";
			showEnvVarsInLog = 0;
		};
		352BE01204E6170D14B84725 /* [CP] Embed Pods Frameworks */ = {
			isa = PBXShellScriptBuildPhase;
			buildActionMask = 2147483647;
			files = (
			);
			inputFileListPaths = (
				"${PODS_ROOT}/Target Support Files/Pods-GithubTests/Pods-GithubTests-frameworks-${CONFIGURATION}-input-files.xcfilelist",
			);
			name = "[CP] Embed Pods Frameworks";
			outputFileListPaths = (
				"${PODS_ROOT}/Target Support Files/Pods-GithubTests/Pods-GithubTests-frameworks-${CONFIGURATION}-output-files.xcfilelist",
			);
			runOnlyForDeploymentPostprocessing = 0;
			shellPath = /bin/sh;
			shellScript = "\"${PODS_ROOT}/Target Support Files/Pods-GithubTests/Pods-GithubTests-frameworks.sh\"\n";
			showEnvVarsInLog = 0;
		};
		38A753E8C341C01812F7EA71 /* [CP] Check Pods Manifest.lock */ = {
			isa = PBXShellScriptBuildPhase;
			buildActionMask = 2147483647;
			files = (
			);
			inputFileListPaths = (
			);
			inputPaths = (
				"${PODS_PODFILE_DIR_PATH}/Podfile.lock",
				"${PODS_ROOT}/Manifest.lock",
			);
			name = "[CP] Check Pods Manifest.lock";
			outputFileListPaths = (
			);
			outputPaths = (
				"$(DERIVED_FILE_DIR)/Pods-Github-checkManifestLockResult.txt",
			);
			runOnlyForDeploymentPostprocessing = 0;
			shellPath = /bin/sh;
			shellScript = "diff \"${PODS_PODFILE_DIR_PATH}/Podfile.lock\" \"${PODS_ROOT}/Manifest.lock\" > /dev/null\nif [ $? != 0 ] ; then\n    # print error to STDERR\n    echo \"error: The sandbox is not in sync with the Podfile.lock. Run 'pod install' or update your CocoaPods installation.\" >&2\n    exit 1\nfi\n# This output is used by Xcode 'outputs' to avoid re-running this script phase.\necho \"SUCCESS\" > \"${SCRIPT_OUTPUT_FILE_0}\"\n";
			showEnvVarsInLog = 0;
		};
		3F3C9412392B3C42A8E653F7 /* [CP] Check Pods Manifest.lock */ = {
			isa = PBXShellScriptBuildPhase;
			buildActionMask = 2147483647;
			files = (
			);
			inputFileListPaths = (
			);
			inputPaths = (
				"${PODS_PODFILE_DIR_PATH}/Podfile.lock",
				"${PODS_ROOT}/Manifest.lock",
			);
			name = "[CP] Check Pods Manifest.lock";
			outputFileListPaths = (
			);
			outputPaths = (
				"$(DERIVED_FILE_DIR)/Pods-GithubTests-checkManifestLockResult.txt",
			);
			runOnlyForDeploymentPostprocessing = 0;
			shellPath = /bin/sh;
			shellScript = "diff \"${PODS_PODFILE_DIR_PATH}/Podfile.lock\" \"${PODS_ROOT}/Manifest.lock\" > /dev/null\nif [ $? != 0 ] ; then\n    # print error to STDERR\n    echo \"error: The sandbox is not in sync with the Podfile.lock. Run 'pod install' or update your CocoaPods installation.\" >&2\n    exit 1\nfi\n# This output is used by Xcode 'outputs' to avoid re-running this script phase.\necho \"SUCCESS\" > \"${SCRIPT_OUTPUT_FILE_0}\"\n";
			showEnvVarsInLog = 0;
		};
/* End PBXShellScriptBuildPhase section */

/* Begin PBXSourcesBuildPhase section */
		14531BC22A1F0C7500E0BA6D /* Sources */ = {
			isa = PBXSourcesBuildPhase;
			buildActionMask = 2147483647;
			files = (
				14F8695B2A23FC3C00AEBE89 /* Bindable.swift in Sources */,
				14D9C7292A1FF33F00BE2CD5 /* UserDetailViewController.swift in Sources */,
				14D9C7272A1FD80B00BE2CD5 /* UIViewController+Extension.swift in Sources */,
				14D9C72D2A1FF6F200BE2CD5 /* UserDetailView.swift in Sources */,
				146861A52A21460E00737D3B /* RepositoriesTableViewCell.swift in Sources */,
				14D9C7252A1FD7EA00BE2CD5 /* UITableView+Extensions.swift in Sources */,
				14D9C7232A1FD7C100BE2CD5 /* UIView+Extensions.swift in Sources */,
				14531BCE2A1F0C7500E0BA6D /* UserListViewController.swift in Sources */,
				14531C072A1F19C000E0BA6D /* NetworkError.swift in Sources */,
				14D9C7312A2089D900BE2CD5 /* Repository.swift in Sources */,
				14D9C72F2A2086E800BE2CD5 /* UserDetailViewModel.swift in Sources */,
				14531C032A1F194200E0BA6D /* Bundle+Extensions.swift in Sources */,
				14D9C7212A1FD79500BE2CD5 /* UserListTableViewCell.swift in Sources */,
				14531BCA2A1F0C7500E0BA6D /* AppDelegate.swift in Sources */,
				14531C0B2A1F1A4700E0BA6D /* UserListViewModel.swift in Sources */,
				14531BCC2A1F0C7500E0BA6D /* SceneDelegate.swift in Sources */,
				14531C012A1F16F800E0BA6D /* GithubEndpoint.swift in Sources */,
				14D9C71F2A1FD77300BE2CD5 /* UserListView.swift in Sources */,
				14531C052A1F19A900E0BA6D /* NetworkProvider.swift in Sources */,
				14531C0D2A1F1D0C00E0BA6D /* User.swift in Sources */,
				146861A32A2145E100737D3B /* RepositoriesView.swift in Sources */,
				14531C092A1F19E100E0BA6D /* NetworkProviderProtocol.swift in Sources */,
				146861E82A21A7AD00737D3B /* Coordinator.swift in Sources */,
				146861EE2A21AD4A00737D3B /* MainCoordinator.swift in Sources */,
				14D9C7332A21415000BE2CD5 /* RepositoriesViewController.swift in Sources */,
				14D9C71D2A1F302000BE2CD5 /* UserDetail.swift in Sources */,
			);
			runOnlyForDeploymentPostprocessing = 0;
		};
		14531BD82A1F0C7800E0BA6D /* Sources */ = {
			isa = PBXSourcesBuildPhase;
			buildActionMask = 2147483647;
			files = (
				1494E08B2A23BD8D006C489F /* GithubUserDetailSnapshotTests.swift in Sources */,
				14531BE12A1F0C7800E0BA6D /* GithubTests.swift in Sources */,
				1494E0892A23BD64006C489F /* GithubUserListTableViewCellSnapshotTests.swift in Sources */,
				146861F32A23BAC800737D3B /* GithubRequestErrorTests.swift in Sources */,
				1494E08D2A23BDB6006C489F /* GithubRepositoriesTests.swift in Sources */,
				1494E08F2A23BDC6006C489F /* GithubRepositoriesTableViewCellTests.swift in Sources */,
				1494E0872A23BBE5006C489F /* GithubSnapshotTests.swift in Sources */,
			);
			runOnlyForDeploymentPostprocessing = 0;
		};
/* End PBXSourcesBuildPhase section */

/* Begin PBXTargetDependency section */
		145ABC822A23F47E00120EDD /* PBXTargetDependency */ = {
			isa = PBXTargetDependency;
			target = 14531BC52A1F0C7500E0BA6D /* Github */;
			targetProxy = 145ABC812A23F47E00120EDD /* PBXContainerItemProxy */;
		};
/* End PBXTargetDependency section */

/* Begin PBXVariantGroup section */
		14531BD42A1F0C7800E0BA6D /* LaunchScreen.storyboard */ = {
			isa = PBXVariantGroup;
			children = (
				14531BD52A1F0C7800E0BA6D /* Base */,
			);
			name = LaunchScreen.storyboard;
			sourceTree = "<group>";
		};
/* End PBXVariantGroup section */

/* Begin XCBuildConfiguration section */
		14531BEE2A1F0C7800E0BA6D /* Debug */ = {
			isa = XCBuildConfiguration;
			buildSettings = {
				ALWAYS_SEARCH_USER_PATHS = NO;
				CLANG_ANALYZER_NONNULL = YES;
				CLANG_ANALYZER_NUMBER_OBJECT_CONVERSION = YES_AGGRESSIVE;
				CLANG_CXX_LANGUAGE_STANDARD = "gnu++20";
				CLANG_ENABLE_MODULES = YES;
				CLANG_ENABLE_OBJC_ARC = YES;
				CLANG_ENABLE_OBJC_WEAK = YES;
				CLANG_WARN_BLOCK_CAPTURE_AUTORELEASING = YES;
				CLANG_WARN_BOOL_CONVERSION = YES;
				CLANG_WARN_COMMA = YES;
				CLANG_WARN_CONSTANT_CONVERSION = YES;
				CLANG_WARN_DEPRECATED_OBJC_IMPLEMENTATIONS = YES;
				CLANG_WARN_DIRECT_OBJC_ISA_USAGE = YES_ERROR;
				CLANG_WARN_DOCUMENTATION_COMMENTS = YES;
				CLANG_WARN_EMPTY_BODY = YES;
				CLANG_WARN_ENUM_CONVERSION = YES;
				CLANG_WARN_INFINITE_RECURSION = YES;
				CLANG_WARN_INT_CONVERSION = YES;
				CLANG_WARN_NON_LITERAL_NULL_CONVERSION = YES;
				CLANG_WARN_OBJC_IMPLICIT_RETAIN_SELF = YES;
				CLANG_WARN_OBJC_LITERAL_CONVERSION = YES;
				CLANG_WARN_OBJC_ROOT_CLASS = YES_ERROR;
				CLANG_WARN_QUOTED_INCLUDE_IN_FRAMEWORK_HEADER = YES;
				CLANG_WARN_RANGE_LOOP_ANALYSIS = YES;
				CLANG_WARN_STRICT_PROTOTYPES = YES;
				CLANG_WARN_SUSPICIOUS_MOVE = YES;
				CLANG_WARN_UNGUARDED_AVAILABILITY = YES_AGGRESSIVE;
				CLANG_WARN_UNREACHABLE_CODE = YES;
				CLANG_WARN__DUPLICATE_METHOD_MATCH = YES;
				COPY_PHASE_STRIP = NO;
				DEBUG_INFORMATION_FORMAT = dwarf;
				ENABLE_STRICT_OBJC_MSGSEND = YES;
				ENABLE_TESTABILITY = YES;
				GCC_C_LANGUAGE_STANDARD = gnu11;
				GCC_DYNAMIC_NO_PIC = NO;
				GCC_NO_COMMON_BLOCKS = YES;
				GCC_OPTIMIZATION_LEVEL = 0;
				GCC_PREPROCESSOR_DEFINITIONS = (
					"DEBUG=1",
					"$(inherited)",
				);
				GCC_WARN_64_TO_32_BIT_CONVERSION = YES;
				GCC_WARN_ABOUT_RETURN_TYPE = YES_ERROR;
				GCC_WARN_UNDECLARED_SELECTOR = YES;
				GCC_WARN_UNINITIALIZED_AUTOS = YES_AGGRESSIVE;
				GCC_WARN_UNUSED_FUNCTION = YES;
				GCC_WARN_UNUSED_VARIABLE = YES;
				IPHONEOS_DEPLOYMENT_TARGET = 16.4;
				MTL_ENABLE_DEBUG_INFO = INCLUDE_SOURCE;
				MTL_FAST_MATH = YES;
				ONLY_ACTIVE_ARCH = YES;
				SDKROOT = iphoneos;
				SWIFT_ACTIVE_COMPILATION_CONDITIONS = DEBUG;
				SWIFT_OPTIMIZATION_LEVEL = "-Onone";
			};
			name = Debug;
		};
		14531BEF2A1F0C7800E0BA6D /* Release */ = {
			isa = XCBuildConfiguration;
			buildSettings = {
				ALWAYS_SEARCH_USER_PATHS = NO;
				CLANG_ANALYZER_NONNULL = YES;
				CLANG_ANALYZER_NUMBER_OBJECT_CONVERSION = YES_AGGRESSIVE;
				CLANG_CXX_LANGUAGE_STANDARD = "gnu++20";
				CLANG_ENABLE_MODULES = YES;
				CLANG_ENABLE_OBJC_ARC = YES;
				CLANG_ENABLE_OBJC_WEAK = YES;
				CLANG_WARN_BLOCK_CAPTURE_AUTORELEASING = YES;
				CLANG_WARN_BOOL_CONVERSION = YES;
				CLANG_WARN_COMMA = YES;
				CLANG_WARN_CONSTANT_CONVERSION = YES;
				CLANG_WARN_DEPRECATED_OBJC_IMPLEMENTATIONS = YES;
				CLANG_WARN_DIRECT_OBJC_ISA_USAGE = YES_ERROR;
				CLANG_WARN_DOCUMENTATION_COMMENTS = YES;
				CLANG_WARN_EMPTY_BODY = YES;
				CLANG_WARN_ENUM_CONVERSION = YES;
				CLANG_WARN_INFINITE_RECURSION = YES;
				CLANG_WARN_INT_CONVERSION = YES;
				CLANG_WARN_NON_LITERAL_NULL_CONVERSION = YES;
				CLANG_WARN_OBJC_IMPLICIT_RETAIN_SELF = YES;
				CLANG_WARN_OBJC_LITERAL_CONVERSION = YES;
				CLANG_WARN_OBJC_ROOT_CLASS = YES_ERROR;
				CLANG_WARN_QUOTED_INCLUDE_IN_FRAMEWORK_HEADER = YES;
				CLANG_WARN_RANGE_LOOP_ANALYSIS = YES;
				CLANG_WARN_STRICT_PROTOTYPES = YES;
				CLANG_WARN_SUSPICIOUS_MOVE = YES;
				CLANG_WARN_UNGUARDED_AVAILABILITY = YES_AGGRESSIVE;
				CLANG_WARN_UNREACHABLE_CODE = YES;
				CLANG_WARN__DUPLICATE_METHOD_MATCH = YES;
				COPY_PHASE_STRIP = NO;
				DEBUG_INFORMATION_FORMAT = "dwarf-with-dsym";
				ENABLE_NS_ASSERTIONS = NO;
				ENABLE_STRICT_OBJC_MSGSEND = YES;
				GCC_C_LANGUAGE_STANDARD = gnu11;
				GCC_NO_COMMON_BLOCKS = YES;
				GCC_WARN_64_TO_32_BIT_CONVERSION = YES;
				GCC_WARN_ABOUT_RETURN_TYPE = YES_ERROR;
				GCC_WARN_UNDECLARED_SELECTOR = YES;
				GCC_WARN_UNINITIALIZED_AUTOS = YES_AGGRESSIVE;
				GCC_WARN_UNUSED_FUNCTION = YES;
				GCC_WARN_UNUSED_VARIABLE = YES;
				IPHONEOS_DEPLOYMENT_TARGET = 16.4;
				MTL_ENABLE_DEBUG_INFO = NO;
				MTL_FAST_MATH = YES;
				SDKROOT = iphoneos;
				SWIFT_COMPILATION_MODE = wholemodule;
				SWIFT_OPTIMIZATION_LEVEL = "-O";
				VALIDATE_PRODUCT = YES;
			};
			name = Release;
		};
		14531BF12A1F0C7800E0BA6D /* Debug */ = {
			isa = XCBuildConfiguration;
			baseConfigurationReference = 60C7E4678E12CA28DB9CC61A /* Pods-Github.debug.xcconfig */;
			buildSettings = {
				ALWAYS_EMBED_SWIFT_STANDARD_LIBRARIES = "$(inherited)";
				ASSETCATALOG_COMPILER_APPICON_NAME = AppIcon;
				ASSETCATALOG_COMPILER_GLOBAL_ACCENT_COLOR_NAME = AccentColor;
				CODE_SIGN_STYLE = Automatic;
				CURRENT_PROJECT_VERSION = 1;
				DEVELOPMENT_TEAM = KTUAP2Z2QF;
				ENDPOINT = /users;
				GENERATE_INFOPLIST_FILE = YES;
				HOST = api.github.com;
				INFOPLIST_FILE = Github/Info.plist;
				INFOPLIST_KEY_UIApplicationSupportsIndirectInputEvents = YES;
				INFOPLIST_KEY_UILaunchStoryboardName = LaunchScreen;
				INFOPLIST_KEY_UISupportedInterfaceOrientations_iPad = "UIInterfaceOrientationPortrait UIInterfaceOrientationPortraitUpsideDown UIInterfaceOrientationLandscapeLeft UIInterfaceOrientationLandscapeRight";
				INFOPLIST_KEY_UISupportedInterfaceOrientations_iPhone = "UIInterfaceOrientationPortrait UIInterfaceOrientationLandscapeLeft UIInterfaceOrientationLandscapeRight";
				LD_RUNPATH_SEARCH_PATHS = (
					"$(inherited)",
					"@executable_path/Frameworks",
				);
				MARKETING_VERSION = 1.0;
				PRODUCT_BUNDLE_IDENTIFIER = com.njdevelopment.Github;
				PRODUCT_NAME = "$(TARGET_NAME)";
				SCHEME = https;
				SWIFT_EMIT_LOC_STRINGS = YES;
				SWIFT_VERSION = 5.0;
				TARGETED_DEVICE_FAMILY = "1,2";
			};
			name = Debug;
		};
		14531BF22A1F0C7800E0BA6D /* Release */ = {
			isa = XCBuildConfiguration;
			baseConfigurationReference = DF50BC726ADB7A2964FC450F /* Pods-Github.release.xcconfig */;
			buildSettings = {
				ALWAYS_EMBED_SWIFT_STANDARD_LIBRARIES = "$(inherited)";
				ASSETCATALOG_COMPILER_APPICON_NAME = AppIcon;
				ASSETCATALOG_COMPILER_GLOBAL_ACCENT_COLOR_NAME = AccentColor;
				CODE_SIGN_STYLE = Automatic;
				CURRENT_PROJECT_VERSION = 1;
				DEVELOPMENT_TEAM = KTUAP2Z2QF;
				ENDPOINT = /users;
				GENERATE_INFOPLIST_FILE = YES;
				HOST = api.github.com;
				INFOPLIST_FILE = Github/Info.plist;
				INFOPLIST_KEY_UIApplicationSupportsIndirectInputEvents = YES;
				INFOPLIST_KEY_UILaunchStoryboardName = LaunchScreen;
				INFOPLIST_KEY_UISupportedInterfaceOrientations_iPad = "UIInterfaceOrientationPortrait UIInterfaceOrientationPortraitUpsideDown UIInterfaceOrientationLandscapeLeft UIInterfaceOrientationLandscapeRight";
				INFOPLIST_KEY_UISupportedInterfaceOrientations_iPhone = "UIInterfaceOrientationPortrait UIInterfaceOrientationLandscapeLeft UIInterfaceOrientationLandscapeRight";
				LD_RUNPATH_SEARCH_PATHS = (
					"$(inherited)",
					"@executable_path/Frameworks",
				);
				MARKETING_VERSION = 1.0;
				PRODUCT_BUNDLE_IDENTIFIER = com.njdevelopment.Github;
				PRODUCT_NAME = "$(TARGET_NAME)";
				SCHEME = https;
				SWIFT_EMIT_LOC_STRINGS = YES;
				SWIFT_VERSION = 5.0;
				TARGETED_DEVICE_FAMILY = "1,2";
			};
			name = Release;
		};
		14531BF42A1F0C7800E0BA6D /* Debug */ = {
			isa = XCBuildConfiguration;
			baseConfigurationReference = C20A07B38235A6F2E654ABFC /* Pods-GithubTests.debug.xcconfig */;
			buildSettings = {
				ALWAYS_EMBED_SWIFT_STANDARD_LIBRARIES = "$(inherited)";
				BUNDLE_LOADER = "$(TEST_HOST)";
				CODE_SIGN_STYLE = Automatic;
				CURRENT_PROJECT_VERSION = 1;
				DEVELOPMENT_TEAM = KTUAP2Z2QF;
				GENERATE_INFOPLIST_FILE = YES;
				IPHONEOS_DEPLOYMENT_TARGET = 16.4;
				MARKETING_VERSION = 1.0;
				PRODUCT_BUNDLE_IDENTIFIER = com.njdevelopment.GithubTests;
				PRODUCT_NAME = "$(TARGET_NAME)";
				SWIFT_EMIT_LOC_STRINGS = NO;
				SWIFT_VERSION = 5.0;
				TARGETED_DEVICE_FAMILY = "1,2";
				TEST_HOST = "$(BUILT_PRODUCTS_DIR)/Github.app/$(BUNDLE_EXECUTABLE_FOLDER_PATH)/Github";
			};
			name = Debug;
		};
		14531BF52A1F0C7800E0BA6D /* Release */ = {
			isa = XCBuildConfiguration;
			baseConfigurationReference = 26C070CBB1A2F97F46E4167D /* Pods-GithubTests.release.xcconfig */;
			buildSettings = {
				ALWAYS_EMBED_SWIFT_STANDARD_LIBRARIES = "$(inherited)";
				BUNDLE_LOADER = "$(TEST_HOST)";
				CODE_SIGN_STYLE = Automatic;
				CURRENT_PROJECT_VERSION = 1;
				DEVELOPMENT_TEAM = KTUAP2Z2QF;
				GENERATE_INFOPLIST_FILE = YES;
				IPHONEOS_DEPLOYMENT_TARGET = 16.4;
				MARKETING_VERSION = 1.0;
				PRODUCT_BUNDLE_IDENTIFIER = com.njdevelopment.GithubTests;
				PRODUCT_NAME = "$(TARGET_NAME)";
				SWIFT_EMIT_LOC_STRINGS = NO;
				SWIFT_VERSION = 5.0;
				TARGETED_DEVICE_FAMILY = "1,2";
				TEST_HOST = "$(BUILT_PRODUCTS_DIR)/Github.app/$(BUNDLE_EXECUTABLE_FOLDER_PATH)/Github";
			};
			name = Release;
		};
/* End XCBuildConfiguration section */

/* Begin XCConfigurationList section */
		14531BC12A1F0C7500E0BA6D /* Build configuration list for PBXProject "Github" */ = {
			isa = XCConfigurationList;
			buildConfigurations = (
				14531BEE2A1F0C7800E0BA6D /* Debug */,
				14531BEF2A1F0C7800E0BA6D /* Release */,
			);
			defaultConfigurationIsVisible = 0;
			defaultConfigurationName = Release;
		};
		14531BF02A1F0C7800E0BA6D /* Build configuration list for PBXNativeTarget "Github" */ = {
			isa = XCConfigurationList;
			buildConfigurations = (
				14531BF12A1F0C7800E0BA6D /* Debug */,
				14531BF22A1F0C7800E0BA6D /* Release */,
			);
			defaultConfigurationIsVisible = 0;
			defaultConfigurationName = Release;
		};
		14531BF32A1F0C7800E0BA6D /* Build configuration list for PBXNativeTarget "GithubTests" */ = {
			isa = XCConfigurationList;
			buildConfigurations = (
				14531BF42A1F0C7800E0BA6D /* Debug */,
				14531BF52A1F0C7800E0BA6D /* Release */,
			);
			defaultConfigurationIsVisible = 0;
			defaultConfigurationName = Release;
		};
/* End XCConfigurationList section */
	};
	rootObject = 14531BBE2A1F0C7500E0BA6D /* Project object */;
}
